
Microsoft Visual Studio Solution File, Format Version 12.00
# Visual Studio Version 17
VisualStudioVersion = 17.10.35013.160
MinimumVisualStudioVersion = 10.0.40219.1
Project("{FAE04EC0-301F-11D3-BF4B-00C04F79EFBC}") = "TaskManagementProject.Data", "TaskManagementProject.Data\TaskManagementProject.Data.csproj", "{B8FCAA93-7845-4E65-A2B1-E48E8564FC48}"
EndProject
Project("{FAE04EC0-301F-11D3-BF4B-00C04F79EFBC}") = "TaskManagementProject.Domain", "TaskManagementProject.Domain\TaskManagementProject.Domain.csproj", "{15377DE1-4AA2-4785-9B62-3708510F8FC2}"
EndProject
Project("{FAE04EC0-301F-11D3-BF4B-00C04F79EFBC}") = "TaskManagementProject.Infrastructure", "TaskManagementProject.Infrastructure\TaskManagementProject.Infrastructure.csproj", "{277D287A-8ADE-49DB-A32B-EE056937D407}"
EndProject
Project("{FAE04EC0-301F-11D3-BF4B-00C04F79EFBC}") = "TaskManagementProject.Service", "TaskManagementProject.Service\TaskManagementProject.Service.csproj", "{ECD106FB-666A-4C2B-BB23-0D87E7C9315A}"
EndProject
Project("{FAE04EC0-301F-11D3-BF4B-00C04F79EFBC}") = "TaskManagementProject.Web.API", "TaskManagementProject.Web.API\TaskManagementProject.Web.API.csproj", "{25B896CD-84C6-4D13-9C4E-8CFA25B10031}"
EndProject
Global
	GlobalSection(SolutionConfigurationPlatforms) = preSolution
		Debug|Any CPU = Debug|Any CPU
		Release|Any CPU = Release|Any CPU
	EndGlobalSection
	GlobalSection(ProjectConfigurationPlatforms) = postSolution
		{B8FCAA93-7845-4E65-A2B1-E48E8564FC48}.Debug|Any CPU.ActiveCfg = Debug|Any CPU
		{B8FCAA93-7845-4E65-A2B1-E48E8564FC48}.Debug|Any CPU.Build.0 = Debug|Any CPU
		{B8FCAA93-7845-4E65-A2B1-E48E8564FC48}.Release|Any CPU.ActiveCfg = Release|Any CPU
		{B8FCAA93-7845-4E65-A2B1-E48E8564FC48}.Release|Any CPU.Build.0 = Release|Any CPU
		{15377DE1-4AA2-4785-9B62-3708510F8FC2}.Debug|Any CPU.ActiveCfg = Debug|Any CPU
		{15377DE1-4AA2-4785-9B62-3708510F8FC2}.Debug|Any CPU.Build.0 = Debug|Any CPU
		{15377DE1-4AA2-4785-9B62-3708510F8FC2}.Release|Any CPU.ActiveCfg = Release|Any CPU
		{15377DE1-4AA2-4785-9B62-3708510F8FC2}.Release|Any CPU.Build.0 = Release|Any CPU
		{277D287A-8ADE-49DB-A32B-EE056937D407}.Debug|Any CPU.ActiveCfg = Debug|Any CPU
		{277D287A-8ADE-49DB-A32B-EE056937D407}.Debug|Any CPU.Build.0 = Debug|Any CPU
		{277D287A-8ADE-49DB-A32B-EE056937D407}.Release|Any CPU.ActiveCfg = Release|Any CPU
		{277D287A-8ADE-49DB-A32B-EE056937D407}.Release|Any CPU.Build.0 = Release|Any CPU
		{ECD106FB-666A-4C2B-BB23-0D87E7C9315A}.Debug|Any CPU.ActiveCfg = Debug|Any CPU
		{ECD106FB-666A-4C2B-BB23-0D87E7C9315A}.Debug|Any CPU.Build.0 = Debug|Any CPU
		{ECD106FB-666A-4C2B-BB23-0D87E7C9315A}.Release|Any CPU.ActiveCfg = Release|Any CPU
		{ECD106FB-666A-4C2B-BB23-0D87E7C9315A}.Release|Any CPU.Build.0 = Release|Any CPU
		{25B896CD-84C6-4D13-9C4E-8CFA25B10031}.Debug|Any CPU.ActiveCfg = Debug|Any CPU
		{25B896CD-84C6-4D13-9C4E-8CFA25B10031}.Debug|Any CPU.Build.0 = Debug|Any CPU
		{25B896CD-84C6-4D13-9C4E-8CFA25B10031}.Release|Any CPU.ActiveCfg = Release|Any CPU
		{25B896CD-84C6-4D13-9C4E-8CFA25B10031}.Release|Any CPU.Build.0 = Release|Any CPU
	EndGlobalSection
	GlobalSection(SolutionProperties) = preSolution
		HideSolutionNode = FALSE
	EndGlobalSection
	GlobalSection(ExtensibilityGlobals) = postSolution
		SolutionGuid = {7E9B2F13-4177-4296-A3DA-7BD6D85A036D}
	EndGlobalSection
EndGlobal
